
Microsoft Visual Studio Solution File, Format Version 12.00
# Visual Studio Version 17
VisualStudioVersion = 17.5.33516.290
MinimumVisualStudioVersion = 10.0.40219.1
Project("{FAE04EC0-301F-11D3-BF4B-00C04F79EFBC}") = "ResumeCreator", "ResumeCreator\ResumeCreator.csproj", "{D3094D26-800F-40DA-A879-39CC045E74E2}"
EndProject
Global
	GlobalSection(SolutionConfigurationPlatforms) = preSolution
		Debug|Any CPU = Debug|Any CPU
		Release|Any CPU = Release|Any CPU
	EndGlobalSection
	GlobalSection(ProjectConfigurationPlatforms) = postSolution
		{D3094D26-800F-40DA-A879-39CC045E74E2}.Debug|Any CPU.ActiveCfg = Debug|Any CPU
		{D3094D26-800F-40DA-A879-39CC045E74E2}.Debug|Any CPU.Build.0 = Debug|Any CPU
		{D3094D26-800F-40DA-A879-39CC045E74E2}.Release|Any CPU.ActiveCfg = Release|Any CPU
		{D3094D26-800F-40DA-A879-39CC045E74E2}.Release|Any CPU.Build.0 = Release|Any CPU
	EndGlobalSection
	GlobalSection(SolutionProperties) = preSolution
		HideSolutionNode = FALSE
	EndGlobalSection
	GlobalSection(ExtensibilityGlobals) = postSolution
		SolutionGuid = {FB42944D-95EF-47BD-9959-ACB84E5C2829}
	EndGlobalSection
EndGlobal
